
Microsoft Visual Studio Solution File, Format Version 12.00
# Visual Studio Version 17
VisualStudioVersion = 17.0.32112.339
MinimumVisualStudioVersion = 10.0.40219.1
Project("{9A19103F-16F7-4668-BE54-9A1E7A4F7556}") = "AspNetCoreConnectionMySQL", "AspNetCoreConnectionMySQL\AspNetCoreConnectionMySQL.csproj", "{466759DD-7C11-4785-A53C-C1A73FF2948B}"
EndProject
Global
	GlobalSection(SolutionConfigurationPlatforms) = preSolution
		Debug|Any CPU = Debug|Any CPU
		Release|Any CPU = Release|Any CPU
	EndGlobalSection
	GlobalSection(ProjectConfigurationPlatforms) = postSolution
		{466759DD-7C11-4785-A53C-C1A73FF2948B}.Debug|Any CPU.ActiveCfg = Debug|Any CPU
		{466759DD-7C11-4785-A53C-C1A73FF2948B}.Debug|Any CPU.Build.0 = Debug|Any CPU
		{466759DD-7C11-4785-A53C-C1A73FF2948B}.Release|Any CPU.ActiveCfg = Release|Any CPU
		{466759DD-7C11-4785-A53C-C1A73FF2948B}.Release|Any CPU.Build.0 = Release|Any CPU
	EndGlobalSection
	GlobalSection(SolutionProperties) = preSolution
		HideSolutionNode = FALSE
	EndGlobalSection
	GlobalSection(ExtensibilityGlobals) = postSolution
		SolutionGuid = {65E35420-A891-43C9-A152-4F9E7B055356}
	EndGlobalSection
EndGlobal
